{
  "name": "@prasangjhawar/medium-common",
  "version": "1.0.0",
  "lockfileVersion": 3,
  "requires": true,
  "packages": {
    "": {
      "name": "@prasangjhawar/medium-common",
      "version": "1.0.0",
      "license": "ISC",
      "dependencies": {
        "@prasangjhawar/medium-common": "^1.0.0"
      }
    },
    "node_modules/@prasangjhawar/medium-common": {
      "version": "1.0.0",
      "resolved": "https://registry.npmjs.org/@prasangjhawar/medium-common/-/medium-common-1.0.0.tgz",
      "integrity": "sha512-yt5m/yS50JS6pObaCp6FbUVbD9KaBHFIvzhUPcGluF+coknXi4VaNWPD6S0XJXUZ1EgfoaQnL/gLHRc8KziW6Q==",
      "license": "ISC"
    }
  }
}
